{
    "version": 3,
    "terraform_version": "0.11.5",
    "serial": 3,
    "lineage": "d754aa17-481e-52cb-e18e-c5372198475d",
    "modules": [
        {
            "path": [
                "root"
            ],
            "outputs": {},
            "resources": {
                "aws_instance.dev": {
                    "type": "aws_instance",
                    "depends_on": [
                        "aws_key_pair.debian-box",
                        "aws_security_group.basic",
                        "aws_subnet.default"
                    ],
                    "primary": {
                        "id": "i-066f227d77e494241",
                        "attributes": {
                            "ami": "ami-7f43f307",
                            "associate_public_ip_address": "true",
                            "availability_zone": "us-west-2c",
                            "disable_api_termination": "false",
                            "ebs_block_device.#": "0",
                            "ebs_optimized": "false",
                            "ephemeral_block_device.#": "0",
                            "get_password_data": "false",
                            "iam_instance_profile": "",
                            "id": "i-066f227d77e494241",
                            "instance_state": "running",
                            "instance_type": "t2.micro",
                            "ipv6_addresses.#": "0",
                            "key_name": "DebianBox",
                            "monitoring": "false",
                            "network_interface.#": "0",
                            "network_interface_id": "eni-72052e74",
                            "password_data": "",
                            "placement_group": "",
                            "primary_network_interface_id": "eni-72052e74",
                            "private_dns": "ip-10-192-1-173.us-west-2.compute.internal",
                            "private_ip": "10.192.1.173",
                            "public_dns": "",
                            "public_ip": "34.216.178.58",
                            "root_block_device.#": "1",
                            "root_block_device.0.delete_on_termination": "true",
                            "root_block_device.0.iops": "100",
                            "root_block_device.0.volume_id": "vol-0455f747dffa6e32c",
                            "root_block_device.0.volume_size": "8",
                            "root_block_device.0.volume_type": "gp2",
                            "security_groups.#": "0",
                            "source_dest_check": "true",
                            "subnet_id": "subnet-3bee7961",
                            "tags.%": "2",
                            "tags.Name": "bastion",
                            "tags.env": "PROD",
                            "tenancy": "default",
                            "volume_tags.%": "0",
                            "vpc_security_group_ids.#": "1",
                            "vpc_security_group_ids.3339743844": "sg-de6ebea0"
                        },
                        "meta": {
                            "e2bfb730-ecaa-11e6-8f88-34363bc7c4c0": {
                                "create": 600000000000,
                                "delete": 1200000000000,
                                "update": 600000000000
                            },
                            "schema_version": "1"
                        },
                        "tainted": false
                    },
                    "deposed": [],
                    "provider": "provider.aws"
                },
                "aws_internet_gateway.default": {
                    "type": "aws_internet_gateway",
                    "depends_on": [
                        "aws_vpc.default"
                    ],
                    "primary": {
                        "id": "igw-2fb0d149",
                        "attributes": {
                            "id": "igw-2fb0d149",
                            "tags.%": "2",
                            "tags.Name": "Default GW",
                            "tags.env": "PROD",
                            "vpc_id": "vpc-b0d29dc9"
                        },
                        "meta": {},
                        "tainted": false
                    },
                    "deposed": [],
                    "provider": "provider.aws"
                },
                "aws_key_pair.debian-box": {
                    "type": "aws_key_pair",
                    "depends_on": [],
                    "primary": {
                        "id": "DebianBox",
                        "attributes": {
                            "fingerprint": "43:3d:83:2f:ec:1d:86:86:46:4a:29:fb:4b:be:79:d1",
                            "id": "DebianBox",
                            "key_name": "DebianBox",
                            "public_key": "ssh-rsa AAAAB3NzaC1yc2EAAAADAQABAAACAQCzc3jwiqJOl5QYb0JRnTav17hitSUODL/D5WWODnCBPbxx8W/jYltFKQe/tK08Ls3sUAfGbmYp/MNHlgHEdcJ2MqgmVZEGbByoQpapQVWzQ6zLeTeFPv4e7qVxT4OK8+V/Fi+ezewfBBU5BqqEA6ZRgCZ/ILM0dlyvYQEwOVgP+TZz8UFMqsz24fkoEG8fYVjoibmrqc0Lb9rhpgF30WrSqZVfq7e9/ehmR2ZaQQeSpMw819bkWDAKYXS2Bo1pamd5LD360NfGojDM5QRT8tROwqjtgWMAwQ1qzLl30iFhjRnS2bn8BgmAp0iCLkyMcJJGOyF51FWeedY+2WmBHNhKkGe6igui3ycmkenhh30U+L7R9jd28E7BpjM17bFVOKtYEv4b2MpqSYcNT9k6U6y43bZEc187gc6VMWx0FQuVusgHQX+WK+yUacC0QaJs6YAStI9WVLLdpTviHI91dYw9ewBZ05xqG2VjnWEr1ifrE8nytYroBPeUzlqJ4Itq0LJdDVjCDSqwJ8BFNSJ/SGUF71rUkLciCh9SdG9JxxOeBJcKcnDTe8ycmdXNHSIyCmQbdb0MXsPfQwjXCVYrFi5Xg+pZpFotWcMBE3x7S3wKDs65/hL6y1+9d4ueucHQWtyOMniQOQu+1F0mSGaHEOkh8drNjeDA+tjjJyFxDjHlqQ=="
                        },
                        "meta": {
                            "schema_version": "1"
                        },
                        "tainted": false
                    },
                    "deposed": [],
                    "provider": "provider.aws"
                },
                "aws_key_pair.jlowry": {
                    "type": "aws_key_pair",
                    "depends_on": [],
                    "primary": {
                        "id": "John Lowry",
                        "attributes": {
                            "fingerprint": "00:7a:d9:32:14:1d:67:c8:56:5b:7d:2d:a1:b4:f8:38",
                            "id": "John Lowry",
                            "key_name": "John Lowry",
                            "public_key": "ssh-rsa AAAAB3NzaC1yc2EAAAADAQABAAABAQCc9cC2xs+EU8awpCf6eAY7S9IGqL6/r1LpV3r5Lo1NCE9gTPofk+ACMKhxnLRxUdqGs0aMA9k1HngJ5oE5PKp9DkE9ZIjryG7UhPfrvsTnU0Ak+Ltx0cXy/1NoWmMDSckCBdeqONRaxdi9kz6H3DCMeQD8Xu5KafWTlbLgdJveEaEDbWlKF0smpvKieeCW+iBjcqA2ZusDvaBKHQRa4CpcSWiI+fsoJXYItZXZFmNYmDiNL9P1bzwa7MSnHN7gRU2yJy6J3Mil69p3bKI347pxbBVUMBT2bSbj/OP6nr6yP85JF8jlJl7XekabqtRNnDW6rOGApufh/4etCh2yBOQ9"
                        },
                        "meta": {
                            "schema_version": "1"
                        },
                        "tainted": false
                    },
                    "deposed": [],
                    "provider": "provider.aws"
                },
                "aws_route.internet_access": {
                    "type": "aws_route",
                    "depends_on": [
                        "aws_internet_gateway.default",
                        "aws_vpc.default"
                    ],
                    "primary": {
                        "id": "r-rtb-b35411cb1080289494",
                        "attributes": {
                            "destination_cidr_block": "0.0.0.0/0",
                            "destination_prefix_list_id": "",
                            "egress_only_gateway_id": "",
                            "gateway_id": "igw-2fb0d149",
                            "id": "r-rtb-b35411cb1080289494",
                            "instance_id": "",
                            "instance_owner_id": "",
                            "nat_gateway_id": "",
                            "network_interface_id": "",
                            "origin": "CreateRoute",
                            "route_table_id": "rtb-b35411cb",
                            "state": "active",
                            "vpc_peering_connection_id": ""
                        },
                        "meta": {
                            "e2bfb730-ecaa-11e6-8f88-34363bc7c4c0": {
                                "create": 120000000000,
                                "delete": 300000000000
                            }
                        },
                        "tainted": false
                    },
                    "deposed": [],
                    "provider": "provider.aws"
                },
                "aws_security_group.basic": {
                    "type": "aws_security_group",
                    "depends_on": [
                        "aws_vpc.default"
                    ],
                    "primary": {
                        "id": "sg-de6ebea0",
                        "attributes": {
                            "arn": "arn:aws:ec2:us-west-2:658733679247:security-group/sg-de6ebea0",
                            "description": "Basic Security Group",
                            "egress.#": "0",
                            "id": "sg-de6ebea0",
                            "ingress.#": "2",
                            "ingress.2541437006.cidr_blocks.#": "1",
                            "ingress.2541437006.cidr_blocks.0": "0.0.0.0/0",
                            "ingress.2541437006.description": "",
                            "ingress.2541437006.from_port": "22",
                            "ingress.2541437006.ipv6_cidr_blocks.#": "0",
                            "ingress.2541437006.protocol": "tcp",
                            "ingress.2541437006.security_groups.#": "0",
                            "ingress.2541437006.self": "false",
                            "ingress.2541437006.to_port": "22",
                            "ingress.3068409405.cidr_blocks.#": "1",
                            "ingress.3068409405.cidr_blocks.0": "0.0.0.0/0",
                            "ingress.3068409405.description": "",
                            "ingress.3068409405.from_port": "8",
                            "ingress.3068409405.ipv6_cidr_blocks.#": "0",
                            "ingress.3068409405.protocol": "icmp",
                            "ingress.3068409405.security_groups.#": "0",
                            "ingress.3068409405.self": "false",
                            "ingress.3068409405.to_port": "0",
                            "name": "basic",
                            "owner_id": "658733679247",
                            "revoke_rules_on_delete": "false",
                            "tags.%": "2",
                            "tags.Name": "basic",
                            "tags.env": "PROD",
                            "vpc_id": "vpc-b0d29dc9"
                        },
                        "meta": {
                            "e2bfb730-ecaa-11e6-8f88-34363bc7c4c0": {
                                "create": 600000000000,
                                "delete": 600000000000
                            },
                            "schema_version": "1"
                        },
                        "tainted": false
                    },
                    "deposed": [],
                    "provider": "provider.aws"
                },
                "aws_subnet.default": {
                    "type": "aws_subnet",
                    "depends_on": [
                        "aws_vpc.default"
                    ],
                    "primary": {
                        "id": "subnet-3bee7961",
                        "attributes": {
                            "assign_ipv6_address_on_creation": "false",
                            "availability_zone": "us-west-2c",
                            "cidr_block": "10.192.1.0/24",
                            "id": "subnet-3bee7961",
                            "map_public_ip_on_launch": "true",
                            "tags.%": "2",
                            "tags.Name": "Default Subnet",
                            "tags.env": "PROD",
                            "vpc_id": "vpc-b0d29dc9"
                        },
                        "meta": {
                            "schema_version": "1"
                        },
                        "tainted": false
                    },
                    "deposed": [],
                    "provider": "provider.aws"
                },
                "aws_vpc.default": {
                    "type": "aws_vpc",
                    "depends_on": [],
                    "primary": {
                        "id": "vpc-b0d29dc9",
                        "attributes": {
                            "assign_generated_ipv6_cidr_block": "false",
                            "cidr_block": "10.192.0.0/16",
                            "default_network_acl_id": "acl-0bea2073",
                            "default_route_table_id": "rtb-b35411cb",
                            "default_security_group_id": "sg-ad9340d3",
                            "dhcp_options_id": "dopt-d55ab5b2",
                            "enable_classiclink": "false",
                            "enable_classiclink_dns_support": "false",
                            "enable_dns_hostnames": "false",
                            "enable_dns_support": "true",
                            "id": "vpc-b0d29dc9",
                            "instance_tenancy": "default",
                            "main_route_table_id": "rtb-b35411cb",
                            "tags.%": "2",
                            "tags.Name": "Default VPC",
                            "tags.env": "PROD"
                        },
                        "meta": {
                            "schema_version": "1"
                        },
                        "tainted": false
                    },
                    "deposed": [],
                    "provider": "provider.aws"
                }
            },
            "depends_on": []
        }
    ]
}
